
Microsoft Visual Studio Solution File, Format Version 12.00
# Visual Studio 15
VisualStudioVersion = 15.0.28307.852
MinimumVisualStudioVersion = 10.0.40219.1
Project("{FAE04EC0-301F-11D3-BF4B-00C04F79EFBC}") = "Demo1_BasicDapper", "Demo1_BasicDapper.csproj", "{43D8EEE5-DC98-4910-BEF8-20189F013112}"
EndProject
Project("{FAE04EC0-301F-11D3-BF4B-00C04F79EFBC}") = "HelperLibrary", "HelperLibrary\HelperLibrary.csproj", "{3F137EC1-DBC5-4E9B-AE54-962F6A5EFE19}"
EndProject
Global
	GlobalSection(SolutionConfigurationPlatforms) = preSolution
		Debug|Any CPU = Debug|Any CPU
		Release|Any CPU = Release|Any CPU
	EndGlobalSection
	GlobalSection(ProjectConfigurationPlatforms) = postSolution
		{43D8EEE5-DC98-4910-BEF8-20189F013112}.Debug|Any CPU.ActiveCfg = Debug|Any CPU
		{43D8EEE5-DC98-4910-BEF8-20189F013112}.Debug|Any CPU.Build.0 = Debug|Any CPU
		{43D8EEE5-DC98-4910-BEF8-20189F013112}.Release|Any CPU.ActiveCfg = Release|Any CPU
		{43D8EEE5-DC98-4910-BEF8-20189F013112}.Release|Any CPU.Build.0 = Release|Any CPU
		{3F137EC1-DBC5-4E9B-AE54-962F6A5EFE19}.Debug|Any CPU.ActiveCfg = Debug|Any CPU
		{3F137EC1-DBC5-4E9B-AE54-962F6A5EFE19}.Debug|Any CPU.Build.0 = Debug|Any CPU
		{3F137EC1-DBC5-4E9B-AE54-962F6A5EFE19}.Release|Any CPU.ActiveCfg = Release|Any CPU
		{3F137EC1-DBC5-4E9B-AE54-962F6A5EFE19}.Release|Any CPU.Build.0 = Release|Any CPU
	EndGlobalSection
	GlobalSection(SolutionProperties) = preSolution
		HideSolutionNode = FALSE
	EndGlobalSection
	GlobalSection(ExtensibilityGlobals) = postSolution
		SolutionGuid = {F9F31B46-EEF1-4273-8AA6-5BFFF2551357}
	EndGlobalSection
EndGlobal
